
Microsoft Visual Studio Solution File, Format Version 12.00
# Visual Studio Version 17
VisualStudioVersion = 17.14.36616.10 d17.14
MinimumVisualStudioVersion = 10.0.40219.1
Project("{FAE04EC0-301F-11D3-BF4B-00C04F79EFBC}") = "DevUtilityBelt", "DevUtilityBelt\DevUtilityBelt.csproj", "{F63133A4-5D58-4297-AEBC-9D33B8105A8F}"
EndProject
Global
	GlobalSection(SolutionConfigurationPlatforms) = preSolution
		Debug|Any CPU = Debug|Any CPU
		Release|Any CPU = Release|Any CPU
	EndGlobalSection
	GlobalSection(ProjectConfigurationPlatforms) = postSolution
		{F63133A4-5D58-4297-AEBC-9D33B8105A8F}.Debug|Any CPU.ActiveCfg = Debug|Any CPU
		{F63133A4-5D58-4297-AEBC-9D33B8105A8F}.Debug|Any CPU.Build.0 = Debug|Any CPU
		{F63133A4-5D58-4297-AEBC-9D33B8105A8F}.Release|Any CPU.ActiveCfg = Release|Any CPU
		{F63133A4-5D58-4297-AEBC-9D33B8105A8F}.Release|Any CPU.Build.0 = Release|Any CPU
	EndGlobalSection
	GlobalSection(SolutionProperties) = preSolution
		HideSolutionNode = FALSE
	EndGlobalSection
	GlobalSection(ExtensibilityGlobals) = postSolution
		SolutionGuid = {294F9545-99A4-4F2E-9E0B-1746E89D8796}
	EndGlobalSection
EndGlobal
